// !$*UTF8*$!
{
	archiveVersion = 1;
	classes = {
	};
	objectVersion = 50;
	objects = {

/* Begin PBXBuildFile section */
		610FEF9024F3316E00FC6B8C /* AppDelegate.swift in Sources */ = {isa = PBXBuildFile; fileRef = 610FEF8F24F3316E00FC6B8C /* AppDelegate.swift */; };
		610FEF9224F3316E00FC6B8C /* SceneDelegate.swift in Sources */ = {isa = PBXBuildFile; fileRef = 610FEF9124F3316E00FC6B8C /* SceneDelegate.swift */; };
		610FEF9724F3316E00FC6B8C /* Main.storyboard in Resources */ = {isa = PBXBuildFile; fileRef = 610FEF9524F3316E00FC6B8C /* Main.storyboard */; };
		610FEF9924F3317000FC6B8C /* Assets.xcassets in Resources */ = {isa = PBXBuildFile; fileRef = 610FEF9824F3317000FC6B8C /* Assets.xcassets */; };
		610FEF9C24F3317000FC6B8C /* LaunchScreen.storyboard in Resources */ = {isa = PBXBuildFile; fileRef = 610FEF9A24F3317000FC6B8C /* LaunchScreen.storyboard */; };
		610FEFA724F335B400FC6B8C /* CustomCell.xib in Resources */ = {isa = PBXBuildFile; fileRef = 610FEFA324F335B300FC6B8C /* CustomCell.xib */; };
		610FEFA824F335B400FC6B8C /* AddCheckItem.swift in Sources */ = {isa = PBXBuildFile; fileRef = 610FEFA424F335B300FC6B8C /* AddCheckItem.swift */; };
		610FEFA924F335B400FC6B8C /* CustomCell.swift in Sources */ = {isa = PBXBuildFile; fileRef = 610FEFA524F335B400FC6B8C /* CustomCell.swift */; };
		610FEFAA24F335B400FC6B8C /* ViewController.swift in Sources */ = {isa = PBXBuildFile; fileRef = 610FEFA624F335B400FC6B8C /* ViewController.swift */; };
		610FEFAE24F3672A00FC6B8C /* EditCheckItem.swift in Sources */ = {isa = PBXBuildFile; fileRef = 610FEFAD24F3672A00FC6B8C /* EditCheckItem.swift */; };
/* End PBXBuildFile section */

/* Begin PBXFileReference section */
		610FEF8C24F3316E00FC6B8C /* AkiosTask16.app */ = {isa = PBXFileReference; explicitFileType = wrapper.application; includeInIndex = 0; path = AkiosTask16.app; sourceTree = BUILT_PRODUCTS_DIR; };
		610FEF8F24F3316E00FC6B8C /* AppDelegate.swift */ = {isa = PBXFileReference; lastKnownFileType = sourcecode.swift; path = AppDelegate.swift; sourceTree = "<group>"; };
		610FEF9124F3316E00FC6B8C /* SceneDelegate.swift */ = {isa = PBXFileReference; lastKnownFileType = sourcecode.swift; path = SceneDelegate.swift; sourceTree = "<group>"; };
		610FEF9624F3316E00FC6B8C /* Base */ = {isa = PBXFileReference; lastKnownFileType = file.storyboard; name = Base; path = Base.lproj/Main.storyboard; sourceTree = "<group>"; };
		610FEF9824F3317000FC6B8C /* Assets.xcassets */ = {isa = PBXFileReference; lastKnownFileType = folder.assetcatalog; path = Assets.xcassets; sourceTree = "<group>"; };
		610FEF9B24F3317000FC6B8C /* Base */ = {isa = PBXFileReference; lastKnownFileType = file.storyboard; name = Base; path = Base.lproj/LaunchScreen.storyboard; sourceTree = "<group>"; };
		610FEF9D24F3317000FC6B8C /* Info.plist */ = {isa = PBXFileReference; lastKnownFileType = text.plist.xml; path = Info.plist; sourceTree = "<group>"; };
		610FEFA324F335B300FC6B8C /* CustomCell.xib */ = {isa = PBXFileReference; fileEncoding = 4; lastKnownFileType = file.xib; path = CustomCell.xib; sourceTree = "<group>"; };
		610FEFA424F335B300FC6B8C /* AddCheckItem.swift */ = {isa = PBXFileReference; fileEncoding = 4; lastKnownFileType = sourcecode.swift; path = AddCheckItem.swift; sourceTree = "<group>"; };
		610FEFA524F335B400FC6B8C /* CustomCell.swift */ = {isa = PBXFileReference; fileEncoding = 4; lastKnownFileType = sourcecode.swift; path = CustomCell.swift; sourceTree = "<group>"; };
		610FEFA624F335B400FC6B8C /* ViewController.swift */ = {isa = PBXFileReference; fileEncoding = 4; lastKnownFileType = sourcecode.swift; path = ViewController.swift; sourceTree = "<group>"; };
		610FEFAD24F3672A00FC6B8C /* EditCheckItem.swift */ = {isa = PBXFileReference; lastKnownFileType = sourcecode.swift; path = EditCheckItem.swift; sourceTree = "<group>"; };
/* End PBXFileReference section */

/* Begin PBXFrameworksBuildPhase section */
		610FEF8924F3316E00FC6B8C /* Frameworks */ = {
			isa = PBXFrameworksBuildPhase;
			buildActionMask = 2147483647;
			files = (
			);
			runOnlyForDeploymentPostprocessing = 0;
		};
/* End PBXFrameworksBuildPhase section */

/* Begin PBXGroup section */
		610FEF8324F3316E00FC6B8C = {
			isa = PBXGroup;
			children = (
				610FEF8E24F3316E00FC6B8C /* AkiosTask16 */,
				610FEF8D24F3316E00FC6B8C /* Products */,
			);
			sourceTree = "<group>";
		};
		610FEF8D24F3316E00FC6B8C /* Products */ = {
			isa = PBXGroup;
			children = (
				610FEF8C24F3316E00FC6B8C /* AkiosTask16.app */,
			);
			name = Products;
			sourceTree = "<group>";
		};
		610FEF8E24F3316E00FC6B8C /* AkiosTask16 */ = {
			isa = PBXGroup;
			children = (
				610FEF8F24F3316E00FC6B8C /* AppDelegate.swift */,
				610FEF9124F3316E00FC6B8C /* SceneDelegate.swift */,
				610FEFA624F335B400FC6B8C /* ViewController.swift */,
				610FEFA424F335B300FC6B8C /* AddCheckItem.swift */,
				610FEFAD24F3672A00FC6B8C /* EditCheckItem.swift */,
				610FEFA524F335B400FC6B8C /* CustomCell.swift */,
				610FEFA324F335B300FC6B8C /* CustomCell.xib */,
				610FEF9524F3316E00FC6B8C /* Main.storyboard */,
				610FEF9824F3317000FC6B8C /* Assets.xcassets */,
				610FEF9A24F3317000FC6B8C /* LaunchScreen.storyboard */,
				610FEF9D24F3317000FC6B8C /* Info.plist */,
			);
			path = AkiosTask16;
			sourceTree = "<group>";
		};
/* End PBXGroup section */

/* Begin PBXNativeTarget section */
		610FEF8B24F3316E00FC6B8C /* AkiosTask16 */ = {
			isa = PBXNativeTarget;
			buildConfigurationList = 610FEFA024F3317000FC6B8C /* Build configuration list for PBXNativeTarget "AkiosTask16" */;
			buildPhases = (
				610FEF8824F3316E00FC6B8C /* Sources */,
				610FEF8924F3316E00FC6B8C /* Frameworks */,
				610FEF8A24F3316E00FC6B8C /* Resources */,
				616478252520316C0098007A /* ShellScript */,
			);
			buildRules = (
			);
			dependencies = (
			);
			name = AkiosTask16;
			productName = AkiosTask16;
			productReference = 610FEF8C24F3316E00FC6B8C /* AkiosTask16.app */;
			productType = "com.apple.product-type.application";
		};
/* End PBXNativeTarget section */

/* Begin PBXProject section */
		610FEF8424F3316E00FC6B8C /* Project object */ = {
			isa = PBXProject;
			attributes = {
				LastSwiftUpdateCheck = 1150;
				LastUpgradeCheck = 1150;
				ORGANIZATIONNAME = Nekokichi;
				TargetAttributes = {
					610FEF8B24F3316E00FC6B8C = {
						CreatedOnToolsVersion = 11.5;
					};
				};
			};
			buildConfigurationList = 610FEF8724F3316E00FC6B8C /* Build configuration list for PBXProject "AkiosTask16" */;
			compatibilityVersion = "Xcode 9.3";
			developmentRegion = en;
			hasScannedForEncodings = 0;
			knownRegions = (
				en,
				Base,
			);
			mainGroup = 610FEF8324F3316E00FC6B8C;
			productRefGroup = 610FEF8D24F3316E00FC6B8C /* Products */;
			projectDirPath = "";
			projectRoot = "";
			targets = (
				610FEF8B24F3316E00FC6B8C /* AkiosTask16 */,
			);
		};
/* End PBXProject section */

/* Begin PBXResourcesBuildPhase section */
		610FEF8A24F3316E00FC6B8C /* Resources */ = {
			isa = PBXResourcesBuildPhase;
			buildActionMask = 2147483647;
			files = (
				610FEF9C24F3317000FC6B8C /* LaunchScreen.storyboard in Resources */,
				610FEF9924F3317000FC6B8C /* Assets.xcassets in Resources */,
				610FEFA724F335B400FC6B8C /* CustomCell.xib in Resources */,
				610FEF9724F3316E00FC6B8C /* Main.storyboard in Resources */,
			);
			runOnlyForDeploymentPostprocessing = 0;
		};
/* End PBXResourcesBuildPhase section */

/* Begin PBXShellScriptBuildPhase section */
		616478252520316C0098007A /* ShellScript */ = {
			isa = PBXShellScriptBuildPhase;
			buildActionMask = 2147483647;
			files = (
			);
			inputFileListPaths = (
			);
			inputPaths = (
			);
			outputFileListPaths = (
			);
			outputPaths = (
			);
			runOnlyForDeploymentPostprocessing = 0;
			shellPath = /bin/sh;
			shellScript = "# Type a script or drag a script file from your workspace to insert its path.\nif which swiftlint >/dev/null; then\n  swiftlint autocorrect --format\n  swiftlint\nelse\n  echo \"warning: Mint not installed, download from https://github.com/yonaskolb/Mint\"\nfi\n";
		};
/* End PBXShellScriptBuildPhase section */

/* Begin PBXSourcesBuildPhase section */
		610FEF8824F3316E00FC6B8C /* Sources */ = {
			isa = PBXSourcesBuildPhase;
			buildActionMask = 2147483647;
			files = (
				610FEFAA24F335B400FC6B8C /* ViewController.swift in Sources */,
				610FEF9024F3316E00FC6B8C /* AppDelegate.swift in Sources */,
				610FEFA824F335B400FC6B8C /* AddCheckItem.swift in Sources */,
				610FEFA924F335B400FC6B8C /* CustomCell.swift in Sources */,
				610FEF9224F3316E00FC6B8C /* SceneDelegate.swift in Sources */,
				610FEFAE24F3672A00FC6B8C /* EditCheckItem.swift in Sources */,
			);
			runOnlyForDeploymentPostprocessing = 0;
		};
/* End PBXSourcesBuildPhase section */

/* Begin PBXVariantGroup section */
		610FEF9524F3316E00FC6B8C /* Main.storyboard */ = {
			isa = PBXVariantGroup;
			children = (
				610FEF9624F3316E00FC6B8C /* Base */,
			);
			name = Main.storyboard;
			sourceTree = "<group>";
		};
		610FEF9A24F3317000FC6B8C /* LaunchScreen.storyboard */ = {
			isa = PBXVariantGroup;
			children = (
				610FEF9B24F3317000FC6B8C /* Base */,
			);
			name = LaunchScreen.storyboard;
			sourceTree = "<group>";
		};
/* End PBXVariantGroup section */

/* Begin XCBuildConfiguration section */
		610FEF9E24F3317000FC6B8C /* Debug */ = {
			isa = XCBuildConfiguration;
			buildSettings = {
				ALWAYS_SEARCH_USER_PATHS = NO;
				CLANG_ANALYZER_NONNULL = YES;
				CLANG_ANALYZER_NUMBER_OBJECT_CONVERSION = YES_AGGRESSIVE;
				CLANG_CXX_LANGUAGE_STANDARD = "gnu++14";
				CLANG_CXX_LIBRARY = "libc++";
				CLANG_ENABLE_MODULES = YES;
				CLANG_ENABLE_OBJC_ARC = YES;
				CLANG_ENABLE_OBJC_WEAK = YES;
				CLANG_WARN_BLOCK_CAPTURE_AUTORELEASING = YES;
				CLANG_WARN_BOOL_CONVERSION = YES;
				CLANG_WARN_COMMA = YES;
				CLANG_WARN_CONSTANT_CONVERSION = YES;
				CLANG_WARN_DEPRECATED_OBJC_IMPLEMENTATIONS = YES;
				CLANG_WARN_DIRECT_OBJC_ISA_USAGE = YES_ERROR;
				CLANG_WARN_DOCUMENTATION_COMMENTS = YES;
				CLANG_WARN_EMPTY_BODY = YES;
				CLANG_WARN_ENUM_CONVERSION = YES;
				CLANG_WARN_INFINITE_RECURSION = YES;
				CLANG_WARN_INT_CONVERSION = YES;
				CLANG_WARN_NON_LITERAL_NULL_CONVERSION = YES;
				CLANG_WARN_OBJC_IMPLICIT_RETAIN_SELF = YES;
				CLANG_WARN_OBJC_LITERAL_CONVERSION = YES;
				CLANG_WARN_OBJC_ROOT_CLASS = YES_ERROR;
				CLANG_WARN_RANGE_LOOP_ANALYSIS = YES;
				CLANG_WARN_STRICT_PROTOTYPES = YES;
				CLANG_WARN_SUSPICIOUS_MOVE = YES;
				CLANG_WARN_UNGUARDED_AVAILABILITY = YES_AGGRESSIVE;
				CLANG_WARN_UNREACHABLE_CODE = YES;
				CLANG_WARN__DUPLICATE_METHOD_MATCH = YES;
				COPY_PHASE_STRIP = NO;
				DEBUG_INFORMATION_FORMAT = dwarf;
				ENABLE_STRICT_OBJC_MSGSEND = YES;
				ENABLE_TESTABILITY = YES;
				GCC_C_LANGUAGE_STANDARD = gnu11;
				GCC_DYNAMIC_NO_PIC = NO;
				GCC_NO_COMMON_BLOCKS = YES;
				GCC_OPTIMIZATION_LEVEL = 0;
				GCC_PREPROCESSOR_DEFINITIONS = (
					"DEBUG=1",
					"$(inherited)",
				);
				GCC_WARN_64_TO_32_BIT_CONVERSION = YES;
				GCC_WARN_ABOUT_RETURN_TYPE = YES_ERROR;
				GCC_WARN_UNDECLARED_SELECTOR = YES;
				GCC_WARN_UNINITIALIZED_AUTOS = YES_AGGRESSIVE;
				GCC_WARN_UNUSED_FUNCTION = YES;
				GCC_WARN_UNUSED_VARIABLE = YES;
				IPHONEOS_DEPLOYMENT_TARGET = 13.5;
				MTL_ENABLE_DEBUG_INFO = INCLUDE_SOURCE;
				MTL_FAST_MATH = YES;
				ONLY_ACTIVE_ARCH = YES;
				SDKROOT = iphoneos;
				SWIFT_ACTIVE_COMPILATION_CONDITIONS = DEBUG;
				SWIFT_OPTIMIZATION_LEVEL = "-Onone";
			};
			name = Debug;
		};
		610FEF9F24F3317000FC6B8C /* Release */ = {
			isa = XCBuildConfiguration;
			buildSettings = {
				ALWAYS_SEARCH_USER_PATHS = NO;
				CLANG_ANALYZER_NONNULL = YES;
				CLANG_ANALYZER_NUMBER_OBJECT_CONVERSION = YES_AGGRESSIVE;
				CLANG_CXX_LANGUAGE_STANDARD = "gnu++14";
				CLANG_CXX_LIBRARY = "libc++";
				CLANG_ENABLE_MODULES = YES;
				CLANG_ENABLE_OBJC_ARC = YES;
				CLANG_ENABLE_OBJC_WEAK = YES;
				CLANG_WARN_BLOCK_CAPTURE_AUTORELEASING = YES;
				CLANG_WARN_BOOL_CONVERSION = YES;
				CLANG_WARN_COMMA = YES;
				CLANG_WARN_CONSTANT_CONVERSION = YES;
				CLANG_WARN_DEPRECATED_OBJC_IMPLEMENTATIONS = YES;
				CLANG_WARN_DIRECT_OBJC_ISA_USAGE = YES_ERROR;
				CLANG_WARN_DOCUMENTATION_COMMENTS = YES;
				CLANG_WARN_EMPTY_BODY = YES;
				CLANG_WARN_ENUM_CONVERSION = YES;
				CLANG_WARN_INFINITE_RECURSION = YES;
				CLANG_WARN_INT_CONVERSION = YES;
				CLANG_WARN_NON_LITERAL_NULL_CONVERSION = YES;
				CLANG_WARN_OBJC_IMPLICIT_RETAIN_SELF = YES;
				CLANG_WARN_OBJC_LITERAL_CONVERSION = YES;
				CLANG_WARN_OBJC_ROOT_CLASS = YES_ERROR;
				CLANG_WARN_RANGE_LOOP_ANALYSIS = YES;
				CLANG_WARN_STRICT_PROTOTYPES = YES;
				CLANG_WARN_SUSPICIOUS_MOVE = YES;
				CLANG_WARN_UNGUARDED_AVAILABILITY = YES_AGGRESSIVE;
				CLANG_WARN_UNREACHABLE_CODE = YES;
				CLANG_WARN__DUPLICATE_METHOD_MATCH = YES;
				COPY_PHASE_STRIP = NO;
				DEBUG_INFORMATION_FORMAT = "dwarf-with-dsym";
				ENABLE_NS_ASSERTIONS = NO;
				ENABLE_STRICT_OBJC_MSGSEND = YES;
				GCC_C_LANGUAGE_STANDARD = gnu11;
				GCC_NO_COMMON_BLOCKS = YES;
				GCC_WARN_64_TO_32_BIT_CONVERSION = YES;
				GCC_WARN_ABOUT_RETURN_TYPE = YES_ERROR;
				GCC_WARN_UNDECLARED_SELECTOR = YES;
				GCC_WARN_UNINITIALIZED_AUTOS = YES_AGGRESSIVE;
				GCC_WARN_UNUSED_FUNCTION = YES;
				GCC_WARN_UNUSED_VARIABLE = YES;
				IPHONEOS_DEPLOYMENT_TARGET = 13.5;
				MTL_ENABLE_DEBUG_INFO = NO;
				MTL_FAST_MATH = YES;
				SDKROOT = iphoneos;
				SWIFT_COMPILATION_MODE = wholemodule;
				SWIFT_OPTIMIZATION_LEVEL = "-O";
				VALIDATE_PRODUCT = YES;
			};
			name = Release;
		};
		610FEFA124F3317000FC6B8C /* Debug */ = {
			isa = XCBuildConfiguration;
			buildSettings = {
				ASSETCATALOG_COMPILER_APPICON_NAME = AppIcon;
				CODE_SIGN_STYLE = Automatic;
				DEVELOPMENT_TEAM = B7VAC4V7M7;
				INFOPLIST_FILE = AkiosTask16/Info.plist;
				LD_RUNPATH_SEARCH_PATHS = (
					"$(inherited)",
					"@executable_path/Frameworks",
				);
				PRODUCT_BUNDLE_IDENTIFIER = "Nekokichi-Yos.AkiosTask16";
				PRODUCT_NAME = "$(TARGET_NAME)";
				SWIFT_VERSION = 5.0;
				TARGETED_DEVICE_FAMILY = "1,2";
			};
			name = Debug;
		};
		610FEFA224F3317000FC6B8C /* Release */ = {
			isa = XCBuildConfiguration;
			buildSettings = {
				ASSETCATALOG_COMPILER_APPICON_NAME = AppIcon;
				CODE_SIGN_STYLE = Automatic;
				DEVELOPMENT_TEAM = B7VAC4V7M7;
				INFOPLIST_FILE = AkiosTask16/Info.plist;
				LD_RUNPATH_SEARCH_PATHS = (
					"$(inherited)",
					"@executable_path/Frameworks",
				);
				PRODUCT_BUNDLE_IDENTIFIER = "Nekokichi-Yos.AkiosTask16";
				PRODUCT_NAME = "$(TARGET_NAME)";
				SWIFT_VERSION = 5.0;
				TARGETED_DEVICE_FAMILY = "1,2";
			};
			name = Release;
		};
/* End XCBuildConfiguration section */

/* Begin XCConfigurationList section */
		610FEF8724F3316E00FC6B8C /* Build configuration list for PBXProject "AkiosTask16" */ = {
			isa = XCConfigurationList;
			buildConfigurations = (
				610FEF9E24F3317000FC6B8C /* Debug */,
				610FEF9F24F3317000FC6B8C /* Release */,
			);
			defaultConfigurationIsVisible = 0;
			defaultConfigurationName = Release;
		};
		610FEFA024F3317000FC6B8C /* Build configuration list for PBXNativeTarget "AkiosTask16" */ = {
			isa = XCConfigurationList;
			buildConfigurations = (
				610FEFA124F3317000FC6B8C /* Debug */,
				610FEFA224F3317000FC6B8C /* Release */,
			);
			defaultConfigurationIsVisible = 0;
			defaultConfigurationName = Release;
		};
/* End XCConfigurationList section */
	};
	rootObject = 610FEF8424F3316E00FC6B8C /* Project object */;
}
